{
  "version": 4,
  "terraform_version": "1.5.7",
  "serial": 52,
  "lineage": "bd2f20fd-c013-e968-1ba7-b6e78241cc16",
  "outputs": {
    "availability_zone": {
      "value": "ap-southeast-1a",
      "type": "string"
    },
    "ec2_instance_id": {
      "value": "i-03992c29f04547b14",
      "type": "string"
    },
    "ec2_public_ip": {
      "value": "3.0.207.181",
      "type": "string"
    },
    "eip_allocation_id": {
      "value": "eipalloc-022d1e67966528d85",
      "type": "string"
    },
    "security_group_id": {
      "value": "sg-0476387daae20af07",
      "type": "string"
    },
    "subnet_id": {
      "value": "subnet-081fea86cd7387f72",
      "type": "string"
    },
    "vpc_id": {
      "value": "vpc-0a267c8996d338b95",
      "type": "string"
    }
  },
  "resources": [
    {
      "mode": "managed",
      "type": "aws_eip",
      "name": "medical_vault_eip",
      "provider": "provider[\"registry.terraform.io/hashicorp/aws\"]",
      "instances": [
        {
          "schema_version": 0,
          "attributes": {
            "address": null,
            "allocation_id": "eipalloc-022d1e67966528d85",
            "arn": "arn:aws:ec2:ap-southeast-1:990403208942:elastic-ip/eipalloc-022d1e67966528d85",
            "associate_with_private_ip": null,
            "association_id": "eipassoc-069d98d99262a6ddc",
            "carrier_ip": "",
            "customer_owned_ip": "",
            "customer_owned_ipv4_pool": "",
            "domain": "vpc",
            "id": "eipalloc-022d1e67966528d85",
            "instance": "i-03992c29f04547b14",
            "ipam_pool_id": null,
            "network_border_group": "ap-southeast-1",
            "network_interface": "eni-04342d372aa987d92",
            "private_dns": "ip-10-0-1-5.ap-southeast-1.compute.internal",
            "private_ip": "10.0.1.5",
            "ptr_record": "",
            "public_dns": "ec2-3-0-207-181.ap-southeast-1.compute.amazonaws.com",
            "public_ip": "3.0.207.181",
            "public_ipv4_pool": "amazon",
            "region": "ap-southeast-1",
            "tags": {
              "Name": "medical-vault-eip"
            },
            "tags_all": {
              "Name": "medical-vault-eip"
            },
            "timeouts": null
          },
          "sensitive_attributes": [],
          "private": "eyJlMmJmYjczMC1lY2FhLTExZTYtOGY4OC0zNDM2M2JjN2M0YzAiOnsiZGVsZXRlIjoxODAwMDAwMDAwMDAsInJlYWQiOjkwMDAwMDAwMDAwMCwidXBkYXRlIjozMDAwMDAwMDAwMDB9fQ==",
          "dependencies": [
            "aws_instance.medical_vault_ec2",
            "aws_security_group.ec2_sg",
            "aws_subnet.public_subnet",
            "aws_vpc.medical_vault_vpc"
          ]
        }
      ]
    },
    {
      "mode": "managed",
      "type": "aws_instance",
      "name": "medical_vault_ec2",
      "provider": "provider[\"registry.terraform.io/hashicorp/aws\"]",
      "instances": [
        {
          "schema_version": 2,
          "attributes": {
            "ami": "ami-05edef9230865e65c",
            "arn": "arn:aws:ec2:ap-southeast-1:990403208942:instance/i-03992c29f04547b14",
            "associate_public_ip_address": true,
            "availability_zone": "ap-southeast-1a",
            "capacity_reservation_specification": [
              {
                "capacity_reservation_preference": "open",
                "capacity_reservation_target": []
              }
            ],
            "cpu_options": [
              {
                "amd_sev_snp": "",
                "core_count": 2,
                "threads_per_core": 2
              }
            ],
            "credit_specification": [],
            "disable_api_stop": false,
            "disable_api_termination": false,
            "ebs_block_device": [],
            "ebs_optimized": false,
            "enable_primary_ipv6": null,
            "enclave_options": [
              {
                "enabled": true
              }
            ],
            "ephemeral_block_device": [],
            "force_destroy": false,
            "get_password_data": false,
            "hibernation": false,
            "host_id": "",
            "host_resource_group_arn": null,
            "iam_instance_profile": "",
            "id": "i-03992c29f04547b14",
            "instance_initiated_shutdown_behavior": "stop",
            "instance_lifecycle": "",
            "instance_market_options": [],
            "instance_state": "running",
            "instance_type": "m5.xlarge",
            "ipv6_address_count": 0,
            "ipv6_addresses": [],
            "key_name": "medical-vault-key",
            "launch_template": [],
            "maintenance_options": [
              {
                "auto_recovery": "default"
              }
            ],
            "metadata_options": [
              {
                "http_endpoint": "enabled",
                "http_protocol_ipv6": "disabled",
                "http_put_response_hop_limit": 1,
                "http_tokens": "optional",
                "instance_metadata_tags": "disabled"
              }
            ],
            "monitoring": false,
            "network_interface": [],
            "outpost_arn": "",
            "password_data": "",
            "placement_group": "",
            "placement_group_id": "",
            "placement_partition_number": 0,
            "primary_network_interface": [
              {
                "delete_on_termination": true,
                "network_interface_id": "eni-04342d372aa987d92"
              }
            ],
            "primary_network_interface_id": "eni-04342d372aa987d92",
            "private_dns": "ip-10-0-1-5.ap-southeast-1.compute.internal",
            "private_dns_name_options": [
              {
                "enable_resource_name_dns_a_record": false,
                "enable_resource_name_dns_aaaa_record": false,
                "hostname_type": "ip-name"
              }
            ],
            "private_ip": "10.0.1.5",
            "public_dns": "ec2-3-0-207-181.ap-southeast-1.compute.amazonaws.com",
            "public_ip": "3.0.207.181",
            "region": "ap-southeast-1",
            "root_block_device": [
              {
                "delete_on_termination": true,
                "device_name": "/dev/xvda",
                "encrypted": false,
                "iops": 3000,
                "kms_key_id": "",
                "tags": {},
                "tags_all": {},
                "throughput": 125,
                "volume_id": "vol-07b74d77840713963",
                "volume_size": 100,
                "volume_type": "gp3"
              }
            ],
            "secondary_private_ips": [],
            "security_groups": [],
            "source_dest_check": true,
            "spot_instance_request_id": "",
            "subnet_id": "subnet-081fea86cd7387f72",
            "tags": {
              "Name": "medical-vault-ec2"
            },
            "tags_all": {
              "Name": "medical-vault-ec2"
            },
            "tenancy": "default",
            "timeouts": null,
            "user_data": "#!/bin/bash\nset -e\n\necho \"=== Installing Nitro Enclaves CLI and dependencies ===\"\n# Install dependencies\napt-get update -y\napt-get install -y \\\n    docker.io \\\n    socat \\\n    curl \\\n    wget \\\n    git \\\n    build-essential \\\n    pkg-config \\\n    libssl-dev\n\n# Install Nitro CLI (for managing enclaves)\ncurl -fsSL https://aws-nitro-enclaves-cli-release.s3.amazonaws.com/ubuntu20/nitro-cli-install.sh | sudo bash\n\necho \"=== Building vsock-proxy ===\"\n# Clone and build vsock-proxy for vsock communication\ngit clone https://github.com/aws/aws-nitro-enclaves-vsock-proxy.git /tmp/vsock-proxy\ncd /tmp/vsock-proxy\ncargo build --release\n\n# Copy vsock-proxy binary to /usr/local/bin\ncp target/release/vsock-proxy /usr/local/bin/vsock-proxy\nchmod +x /usr/local/bin/vsock-proxy\n\n# Copy socat-vsock helper script\ncat \u003e /usr/local/bin/socat-vsock \u003c\u003c 'SCRIPT'\n#!/bin/bash\n# socat-vsock - Forward TCP to VSOCK for Nitro Enclaves\n# Usage: socat-vsock \u003clocal_port\u003e \u003cenclave_cid\u003e \u003cenclave_port\u003e\nLOCAL_PORT=$1\nENCLAVE_CID=$2\nENCLAVE_PORT=$3\nexec /usr/bin/socat TCP4-LISTEN:$LOCAL_PORT,reuseaddr,fork VSOCK-CONNECT:$ENCLAVE_CID:$ENCLAVE_PORT\nSCRIPT\nchmod +x /usr/local/bin/socat-vsock\n\necho \"=== Installation complete ===\"\necho \"Binaries installed:\"\necho \"  - nitro-cli\"\necho \"  - vsock-proxy\"\necho \"  - socat-vsock\"\necho \"\"\necho \"Note: Services are managed by scripts/staging/ec2-start.sh\"\n",
            "user_data_base64": null,
            "user_data_replace_on_change": false,
            "volume_tags": null,
            "vpc_security_group_ids": [
              "sg-0476387daae20af07"
            ]
          },
          "sensitive_attributes": [],
          "private": "eyJlMmJmYjczMC1lY2FhLTExZTYtOGY4OC0zNDM2M2JjN2M0YzAiOnsiY3JlYXRlIjo2MDAwMDAwMDAwMDAsImRlbGV0ZSI6MTIwMDAwMDAwMDAwMCwicmVhZCI6OTAwMDAwMDAwMDAwLCJ1cGRhdGUiOjYwMDAwMDAwMDAwMH0sInNjaGVtYV92ZXJzaW9uIjoiMiJ9",
          "dependencies": [
            "aws_security_group.ec2_sg",
            "aws_subnet.public_subnet",
            "aws_vpc.medical_vault_vpc"
          ]
        }
      ]
    },
    {
      "mode": "managed",
      "type": "aws_internet_gateway",
      "name": "igw",
      "provider": "provider[\"registry.terraform.io/hashicorp/aws\"]",
      "instances": [
        {
          "schema_version": 0,
          "attributes": {
            "arn": "arn:aws:ec2:ap-southeast-1:990403208942:internet-gateway/igw-0ecc3fc238bd0394b",
            "id": "igw-0ecc3fc238bd0394b",
            "owner_id": "990403208942",
            "region": "ap-southeast-1",
            "tags": {
              "Name": "medical-vault-igw"
            },
            "tags_all": {
              "Name": "medical-vault-igw"
            },
            "timeouts": null,
            "vpc_id": "vpc-0a267c8996d338b95"
          },
          "sensitive_attributes": [],
          "private": "eyJlMmJmYjczMC1lY2FhLTExZTYtOGY4OC0zNDM2M2JjN2M0YzAiOnsiY3JlYXRlIjoxMjAwMDAwMDAwMDAwLCJkZWxldGUiOjEyMDAwMDAwMDAwMDAsInVwZGF0ZSI6MTIwMDAwMDAwMDAwMH19",
          "dependencies": [
            "aws_vpc.medical_vault_vpc"
          ]
        }
      ]
    },
    {
      "mode": "managed",
      "type": "aws_key_pair",
      "name": "medical_vault_key",
      "provider": "provider[\"registry.terraform.io/hashicorp/aws\"]",
      "instances": [
        {
          "schema_version": 1,
          "attributes": {
            "arn": "arn:aws:ec2:ap-southeast-1:990403208942:key-pair/medical-vault-key",
            "fingerprint": "bf:7a:26:10:a8:46:6c:9d:da:88:fa:ba:d5:e3:4c:81",
            "id": "medical-vault-key",
            "key_name": "medical-vault-key",
            "key_name_prefix": "",
            "key_pair_id": "key-0a0894033e33ec0f8",
            "key_type": "rsa",
            "public_key": "ssh-rsa AAAAB3NzaC1yc2EAAAADAQABAAABAQCaKZ37rwK8dh6hrZnTNQB0L/+CvktG4AubOCu42yrNeQoKEvHP9xA3Ee8yFIM5y65WAAKRu87UnWkChvhZyKfHZx6U3e5h5ZXaGZSGVMuMFfQvN8PnapTtnrbKg4RwU7dpj7iVUTggmJhCpnKB143W7UTRbNOIEj9s208U7xzVqxLrtOWQwnfGdjkMAsrzAV3NKptXjqDlBt/i5rg6qBn3TCNcenien5JzHhLPQYZZSziITKpYS3V/BQhjPk07UXJbtRqBevmh16lJq3mpaemjpLimWIlZGHOIoU2gnEx9nGyD4AuUwV/kFgWT3cHrDH1Jpry88QjU/uRJbkRltcGD",
            "region": "ap-southeast-1",
            "tags": null,
            "tags_all": {}
          },
          "sensitive_attributes": [],
          "private": "eyJzY2hlbWFfdmVyc2lvbiI6IjEifQ=="
        }
      ]
    },
    {
      "mode": "managed",
      "type": "aws_route_table",
      "name": "public_rt",
      "provider": "provider[\"registry.terraform.io/hashicorp/aws\"]",
      "instances": [
        {
          "schema_version": 0,
          "attributes": {
            "arn": "arn:aws:ec2:ap-southeast-1:990403208942:route-table/rtb-0a08300ba4769f011",
            "id": "rtb-0a08300ba4769f011",
            "owner_id": "990403208942",
            "propagating_vgws": [],
            "region": "ap-southeast-1",
            "route": [
              {
                "carrier_gateway_id": "",
                "cidr_block": "0.0.0.0/0",
                "core_network_arn": "",
                "destination_prefix_list_id": "",
                "egress_only_gateway_id": "",
                "gateway_id": "igw-0ecc3fc238bd0394b",
                "ipv6_cidr_block": "",
                "local_gateway_id": "",
                "nat_gateway_id": "",
                "network_interface_id": "",
                "transit_gateway_id": "",
                "vpc_endpoint_id": "",
                "vpc_peering_connection_id": ""
              }
            ],
            "tags": {
              "Name": "medical-vault-public-rt"
            },
            "tags_all": {
              "Name": "medical-vault-public-rt"
            },
            "timeouts": null,
            "vpc_id": "vpc-0a267c8996d338b95"
          },
          "sensitive_attributes": [],
          "private": "eyJlMmJmYjczMC1lY2FhLTExZTYtOGY4OC0zNDM2M2JjN2M0YzAiOnsiY3JlYXRlIjozMDAwMDAwMDAwMDAsImRlbGV0ZSI6MzAwMDAwMDAwMDAwLCJ1cGRhdGUiOjEyMDAwMDAwMDAwMH19",
          "dependencies": [
            "aws_internet_gateway.igw",
            "aws_vpc.medical_vault_vpc"
          ]
        }
      ]
    },
    {
      "mode": "managed",
      "type": "aws_route_table_association",
      "name": "public_assoc",
      "provider": "provider[\"registry.terraform.io/hashicorp/aws\"]",
      "instances": [
        {
          "schema_version": 0,
          "attributes": {
            "gateway_id": "",
            "id": "rtbassoc-0b9289179a7b3bbce",
            "region": "ap-southeast-1",
            "route_table_id": "rtb-0a08300ba4769f011",
            "subnet_id": "subnet-081fea86cd7387f72",
            "timeouts": null
          },
          "sensitive_attributes": [],
          "private": "eyJlMmJmYjczMC1lY2FhLTExZTYtOGY4OC0zNDM2M2JjN2M0YzAiOnsiY3JlYXRlIjozMDAwMDAwMDAwMDAsImRlbGV0ZSI6MzAwMDAwMDAwMDAwLCJ1cGRhdGUiOjEyMDAwMDAwMDAwMH19",
          "dependencies": [
            "aws_internet_gateway.igw",
            "aws_route_table.public_rt",
            "aws_subnet.public_subnet",
            "aws_vpc.medical_vault_vpc"
          ]
        }
      ]
    },
    {
      "mode": "managed",
      "type": "aws_security_group",
      "name": "ec2_sg",
      "provider": "provider[\"registry.terraform.io/hashicorp/aws\"]",
      "instances": [
        {
          "schema_version": 1,
          "attributes": {
            "arn": "arn:aws:ec2:ap-southeast-1:990403208942:security-group/sg-0476387daae20af07",
            "description": "Security group for EC2 instance with Nitro Enclaves",
            "egress": [
              {
                "cidr_blocks": [
                  "0.0.0.0/0"
                ],
                "description": "",
                "from_port": 443,
                "ipv6_cidr_blocks": [],
                "prefix_list_ids": [],
                "protocol": "tcp",
                "security_groups": [],
                "self": false,
                "to_port": 443
              },
              {
                "cidr_blocks": [
                  "0.0.0.0/0"
                ],
                "description": "",
                "from_port": 53,
                "ipv6_cidr_blocks": [],
                "prefix_list_ids": [],
                "protocol": "udp",
                "security_groups": [],
                "self": false,
                "to_port": 53
              }
            ],
            "id": "sg-0476387daae20af07",
            "ingress": [
              {
                "cidr_blocks": [
                  "0.0.0.0/0"
                ],
                "description": "",
                "from_port": 22,
                "ipv6_cidr_blocks": [],
                "prefix_list_ids": [],
                "protocol": "tcp",
                "security_groups": [],
                "self": false,
                "to_port": 22
              },
              {
                "cidr_blocks": [
                  "0.0.0.0/0"
                ],
                "description": "",
                "from_port": 3000,
                "ipv6_cidr_blocks": [],
                "prefix_list_ids": [],
                "protocol": "tcp",
                "security_groups": [],
                "self": false,
                "to_port": 3000
              },
              {
                "cidr_blocks": [
                  "0.0.0.0/0"
                ],
                "description": "",
                "from_port": 8101,
                "ipv6_cidr_blocks": [],
                "prefix_list_ids": [],
                "protocol": "tcp",
                "security_groups": [],
                "self": false,
                "to_port": 8101
              },
              {
                "cidr_blocks": [
                  "0.0.0.0/0"
                ],
                "description": "",
                "from_port": 8102,
                "ipv6_cidr_blocks": [],
                "prefix_list_ids": [],
                "protocol": "tcp",
                "security_groups": [],
                "self": false,
                "to_port": 8102
              },
              {
                "cidr_blocks": [
                  "0.0.0.0/0"
                ],
                "description": "",
                "from_port": 8103,
                "ipv6_cidr_blocks": [],
                "prefix_list_ids": [],
                "protocol": "tcp",
                "security_groups": [],
                "self": false,
                "to_port": 8103
              }
            ],
            "name": "medical-vault-ec2-sg",
            "name_prefix": "",
            "owner_id": "990403208942",
            "region": "ap-southeast-1",
            "revoke_rules_on_delete": false,
            "tags": {
              "Name": "medical-vault-ec2-sg"
            },
            "tags_all": {
              "Name": "medical-vault-ec2-sg"
            },
            "timeouts": null,
            "vpc_id": "vpc-0a267c8996d338b95"
          },
          "sensitive_attributes": [],
          "private": "eyJlMmJmYjczMC1lY2FhLTExZTYtOGY4OC0zNDM2M2JjN2M0YzAiOnsiY3JlYXRlIjo2MDAwMDAwMDAwMDAsImRlbGV0ZSI6OTAwMDAwMDAwMDAwfSwic2NoZW1hX3ZlcnNpb24iOiIxIn0=",
          "dependencies": [
            "aws_vpc.medical_vault_vpc"
          ]
        }
      ]
    },
    {
      "mode": "managed",
      "type": "aws_subnet",
      "name": "public_subnet",
      "provider": "provider[\"registry.terraform.io/hashicorp/aws\"]",
      "instances": [
        {
          "schema_version": 1,
          "attributes": {
            "arn": "arn:aws:ec2:ap-southeast-1:990403208942:subnet/subnet-081fea86cd7387f72",
            "assign_ipv6_address_on_creation": false,
            "availability_zone": "ap-southeast-1a",
            "availability_zone_id": "apse1-az2",
            "cidr_block": "10.0.1.0/24",
            "customer_owned_ipv4_pool": "",
            "enable_dns64": false,
            "enable_lni_at_device_index": 0,
            "enable_resource_name_dns_a_record_on_launch": false,
            "enable_resource_name_dns_aaaa_record_on_launch": false,
            "id": "subnet-081fea86cd7387f72",
            "ipv6_cidr_block": "",
            "ipv6_cidr_block_association_id": "",
            "ipv6_native": false,
            "map_customer_owned_ip_on_launch": false,
            "map_public_ip_on_launch": true,
            "outpost_arn": "",
            "owner_id": "990403208942",
            "private_dns_hostname_type_on_launch": "ip-name",
            "region": "ap-southeast-1",
            "tags": {
              "Name": "medical-vault-public"
            },
            "tags_all": {
              "Name": "medical-vault-public"
            },
            "timeouts": null,
            "vpc_id": "vpc-0a267c8996d338b95"
          },
          "sensitive_attributes": [],
          "private": "eyJlMmJmYjczMC1lY2FhLTExZTYtOGY4OC0zNDM2M2JjN2M0YzAiOnsiY3JlYXRlIjo2MDAwMDAwMDAwMDAsImRlbGV0ZSI6MTIwMDAwMDAwMDAwMH0sInNjaGVtYV92ZXJzaW9uIjoiMSJ9",
          "dependencies": [
            "aws_vpc.medical_vault_vpc"
          ]
        }
      ]
    },
    {
      "mode": "managed",
      "type": "aws_vpc",
      "name": "medical_vault_vpc",
      "provider": "provider[\"registry.terraform.io/hashicorp/aws\"]",
      "instances": [
        {
          "schema_version": 1,
          "attributes": {
            "arn": "arn:aws:ec2:ap-southeast-1:990403208942:vpc/vpc-0a267c8996d338b95",
            "assign_generated_ipv6_cidr_block": false,
            "cidr_block": "10.0.0.0/16",
            "default_network_acl_id": "acl-067b9837f93b3956a",
            "default_route_table_id": "rtb-0bfdf29c85e8656c8",
            "default_security_group_id": "sg-0975929d88af04d4e",
            "dhcp_options_id": "dopt-092370a5ec6ed99cd",
            "enable_dns_hostnames": true,
            "enable_dns_support": true,
            "enable_network_address_usage_metrics": false,
            "id": "vpc-0a267c8996d338b95",
            "instance_tenancy": "default",
            "ipv4_ipam_pool_id": null,
            "ipv4_netmask_length": null,
            "ipv6_association_id": "",
            "ipv6_cidr_block": "",
            "ipv6_cidr_block_network_border_group": "",
            "ipv6_ipam_pool_id": "",
            "ipv6_netmask_length": 0,
            "main_route_table_id": "rtb-0bfdf29c85e8656c8",
            "owner_id": "990403208942",
            "region": "ap-southeast-1",
            "tags": {
              "Name": "medical-vault-vpc"
            },
            "tags_all": {
              "Name": "medical-vault-vpc"
            }
          },
          "sensitive_attributes": [],
          "private": "eyJzY2hlbWFfdmVyc2lvbiI6IjEifQ=="
        }
      ]
    }
  ],
  "check_results": null
}
